
Microsoft Visual Studio Solution File, Format Version 12.00
# Visual Studio Version 16
VisualStudioVersion = 16.0.31702.278
MinimumVisualStudioVersion = 10.0.40219.1
Project("{FAE04EC0-301F-11D3-BF4B-00C04F79EFBC}") = "AutoUpdateTester", "AutoUpdateTester\AutoUpdateTester.csproj", "{5B134757-17EA-4865-86FE-CE1DB91A22F4}"
EndProject
Global
	GlobalSection(SolutionConfigurationPlatforms) = preSolution
		Debug|Any CPU = Debug|Any CPU
		Release|Any CPU = Release|Any CPU
	EndGlobalSection
	GlobalSection(ProjectConfigurationPlatforms) = postSolution
		{5B134757-17EA-4865-86FE-CE1DB91A22F4}.Debug|Any CPU.ActiveCfg = Debug|Any CPU
		{5B134757-17EA-4865-86FE-CE1DB91A22F4}.Debug|Any CPU.Build.0 = Debug|Any CPU
		{5B134757-17EA-4865-86FE-CE1DB91A22F4}.Release|Any CPU.ActiveCfg = Release|Any CPU
		{5B134757-17EA-4865-86FE-CE1DB91A22F4}.Release|Any CPU.Build.0 = Release|Any CPU
	EndGlobalSection
	GlobalSection(SolutionProperties) = preSolution
		HideSolutionNode = FALSE
	EndGlobalSection
	GlobalSection(ExtensibilityGlobals) = postSolution
		SolutionGuid = {5435DC53-1AD6-4F0F-87E3-324C386F04D9}
	EndGlobalSection
EndGlobal
